
Microsoft Visual Studio Solution File, Format Version 12.00
# Visual Studio Version 16
VisualStudioVersion = 16.0.29709.97
MinimumVisualStudioVersion = 10.0.40219.1
Project("{FAE04EC0-301F-11D3-BF4B-00C04F79EFBC}") = "ControlesBasicos.Server", "ControlesBasicos\Server\ControlesBasicos.Server.csproj", "{622409F3-DF76-44A8-B0D7-0E21F335FC6F}"
EndProject
Project("{FAE04EC0-301F-11D3-BF4B-00C04F79EFBC}") = "ControlesBasicos.Client", "ControlesBasicos\Client\ControlesBasicos.Client.csproj", "{F06E0E35-4BA7-4F2F-9747-8E7860AE4CC4}"
EndProject
Project("{FAE04EC0-301F-11D3-BF4B-00C04F79EFBC}") = "ControlesBasicos.Shared", "ControlesBasicos\Shared\ControlesBasicos.Shared.csproj", "{5DEAF1B5-423B-418F-B6DC-88E94EA739F3}"
EndProject
Global
	GlobalSection(SolutionConfigurationPlatforms) = preSolution
		Debug|Any CPU = Debug|Any CPU
		Release|Any CPU = Release|Any CPU
	EndGlobalSection
	GlobalSection(ProjectConfigurationPlatforms) = postSolution
		{622409F3-DF76-44A8-B0D7-0E21F335FC6F}.Debug|Any CPU.ActiveCfg = Debug|Any CPU
		{622409F3-DF76-44A8-B0D7-0E21F335FC6F}.Debug|Any CPU.Build.0 = Debug|Any CPU
		{622409F3-DF76-44A8-B0D7-0E21F335FC6F}.Release|Any CPU.ActiveCfg = Release|Any CPU
		{622409F3-DF76-44A8-B0D7-0E21F335FC6F}.Release|Any CPU.Build.0 = Release|Any CPU
		{F06E0E35-4BA7-4F2F-9747-8E7860AE4CC4}.Debug|Any CPU.ActiveCfg = Debug|Any CPU
		{F06E0E35-4BA7-4F2F-9747-8E7860AE4CC4}.Debug|Any CPU.Build.0 = Debug|Any CPU
		{F06E0E35-4BA7-4F2F-9747-8E7860AE4CC4}.Release|Any CPU.ActiveCfg = Release|Any CPU
		{F06E0E35-4BA7-4F2F-9747-8E7860AE4CC4}.Release|Any CPU.Build.0 = Release|Any CPU
		{5DEAF1B5-423B-418F-B6DC-88E94EA739F3}.Debug|Any CPU.ActiveCfg = Debug|Any CPU
		{5DEAF1B5-423B-418F-B6DC-88E94EA739F3}.Debug|Any CPU.Build.0 = Debug|Any CPU
		{5DEAF1B5-423B-418F-B6DC-88E94EA739F3}.Release|Any CPU.ActiveCfg = Release|Any CPU
		{5DEAF1B5-423B-418F-B6DC-88E94EA739F3}.Release|Any CPU.Build.0 = Release|Any CPU
	EndGlobalSection
	GlobalSection(SolutionProperties) = preSolution
		HideSolutionNode = FALSE
	EndGlobalSection
	GlobalSection(ExtensibilityGlobals) = postSolution
		SolutionGuid = {4ECE31D4-0F5F-4D5D-AED7-62C0A2AF98D5}
	EndGlobalSection
EndGlobal
