
Microsoft Visual Studio Solution File, Format Version 12.00
# Visual Studio Version 17
VisualStudioVersion = 17.5.33209.295
MinimumVisualStudioVersion = 10.0.40219.1
Project("{9A19103F-16F7-4668-BE54-9A1E7A4F7556}") = "ControlesBasicos.Server", "ControlesBasicos\Server\ControlesBasicos.Server.csproj", "{622409F3-DF76-44A8-B0D7-0E21F335FC6F}"
EndProject
Project("{9A19103F-16F7-4668-BE54-9A1E7A4F7556}") = "ControlesBasicos.Client", "ControlesBasicos\Client\ControlesBasicos.Client.csproj", "{F06E0E35-4BA7-4F2F-9747-8E7860AE4CC4}"
EndProject
Project("{9A19103F-16F7-4668-BE54-9A1E7A4F7556}") = "ControlesBasicos.Shared", "ControlesBasicos\Shared\ControlesBasicos.Shared.csproj", "{5DEAF1B5-423B-418F-B6DC-88E94EA739F3}"
EndProject
Project("{FAE04EC0-301F-11D3-BF4B-00C04F79EFBC}") = "BasicConcepts.Server", "BasicConcepts\Server\BasicConcepts.Server.csproj", "{F1B53152-9B6E-4AE0-A4F8-3ABA2990D605}"
EndProject
Project("{FAE04EC0-301F-11D3-BF4B-00C04F79EFBC}") = "BasicConcepts.Client", "BasicConcepts\Client\BasicConcepts.Client.csproj", "{D9E4412C-5D4A-43ED-82FC-6929C90120B0}"
EndProject
Project("{FAE04EC0-301F-11D3-BF4B-00C04F79EFBC}") = "BasicConcepts.Shared", "BasicConcepts\Shared\BasicConcepts.Shared.csproj", "{D6FA3C8C-F5FA-4DD0-A53F-CF75D3E38D0E}"
EndProject
Global
	GlobalSection(SolutionConfigurationPlatforms) = preSolution
		Debug|Any CPU = Debug|Any CPU
		Release|Any CPU = Release|Any CPU
	EndGlobalSection
	GlobalSection(ProjectConfigurationPlatforms) = postSolution
		{622409F3-DF76-44A8-B0D7-0E21F335FC6F}.Debug|Any CPU.ActiveCfg = Debug|Any CPU
		{622409F3-DF76-44A8-B0D7-0E21F335FC6F}.Debug|Any CPU.Build.0 = Debug|Any CPU
		{622409F3-DF76-44A8-B0D7-0E21F335FC6F}.Release|Any CPU.ActiveCfg = Release|Any CPU
		{622409F3-DF76-44A8-B0D7-0E21F335FC6F}.Release|Any CPU.Build.0 = Release|Any CPU
		{F06E0E35-4BA7-4F2F-9747-8E7860AE4CC4}.Debug|Any CPU.ActiveCfg = Debug|Any CPU
		{F06E0E35-4BA7-4F2F-9747-8E7860AE4CC4}.Debug|Any CPU.Build.0 = Debug|Any CPU
		{F06E0E35-4BA7-4F2F-9747-8E7860AE4CC4}.Release|Any CPU.ActiveCfg = Release|Any CPU
		{F06E0E35-4BA7-4F2F-9747-8E7860AE4CC4}.Release|Any CPU.Build.0 = Release|Any CPU
		{5DEAF1B5-423B-418F-B6DC-88E94EA739F3}.Debug|Any CPU.ActiveCfg = Debug|Any CPU
		{5DEAF1B5-423B-418F-B6DC-88E94EA739F3}.Debug|Any CPU.Build.0 = Debug|Any CPU
		{5DEAF1B5-423B-418F-B6DC-88E94EA739F3}.Release|Any CPU.ActiveCfg = Release|Any CPU
		{5DEAF1B5-423B-418F-B6DC-88E94EA739F3}.Release|Any CPU.Build.0 = Release|Any CPU
		{F1B53152-9B6E-4AE0-A4F8-3ABA2990D605}.Debug|Any CPU.ActiveCfg = Debug|Any CPU
		{F1B53152-9B6E-4AE0-A4F8-3ABA2990D605}.Debug|Any CPU.Build.0 = Debug|Any CPU
		{F1B53152-9B6E-4AE0-A4F8-3ABA2990D605}.Release|Any CPU.ActiveCfg = Release|Any CPU
		{F1B53152-9B6E-4AE0-A4F8-3ABA2990D605}.Release|Any CPU.Build.0 = Release|Any CPU
		{D9E4412C-5D4A-43ED-82FC-6929C90120B0}.Debug|Any CPU.ActiveCfg = Debug|Any CPU
		{D9E4412C-5D4A-43ED-82FC-6929C90120B0}.Debug|Any CPU.Build.0 = Debug|Any CPU
		{D9E4412C-5D4A-43ED-82FC-6929C90120B0}.Release|Any CPU.ActiveCfg = Release|Any CPU
		{D9E4412C-5D4A-43ED-82FC-6929C90120B0}.Release|Any CPU.Build.0 = Release|Any CPU
		{D6FA3C8C-F5FA-4DD0-A53F-CF75D3E38D0E}.Debug|Any CPU.ActiveCfg = Debug|Any CPU
		{D6FA3C8C-F5FA-4DD0-A53F-CF75D3E38D0E}.Debug|Any CPU.Build.0 = Debug|Any CPU
		{D6FA3C8C-F5FA-4DD0-A53F-CF75D3E38D0E}.Release|Any CPU.ActiveCfg = Release|Any CPU
		{D6FA3C8C-F5FA-4DD0-A53F-CF75D3E38D0E}.Release|Any CPU.Build.0 = Release|Any CPU
	EndGlobalSection
	GlobalSection(SolutionProperties) = preSolution
		HideSolutionNode = FALSE
	EndGlobalSection
	GlobalSection(ExtensibilityGlobals) = postSolution
		SolutionGuid = {4ECE31D4-0F5F-4D5D-AED7-62C0A2AF98D5}
	EndGlobalSection
EndGlobal
